
Microsoft Visual Studio Solution File, Format Version 12.00
# Visual Studio Version 17
VisualStudioVersion = 17.5.33530.505
MinimumVisualStudioVersion = 10.0.40219.1
Project("{9A19103F-16F7-4668-BE54-9A1E7A4F7556}") = "Guestline.Games.Battleships.Server", "Guestline.Games.Battleships.Server\Guestline.Games.Battleships.Server.csproj", "{93523EBA-26F0-43E4-80B9-F25817FE16F2}"
EndProject
Project("{9A19103F-16F7-4668-BE54-9A1E7A4F7556}") = "Guestline.Games.Battleships.Client", "Guestline.Games.Battleships.Client\Guestline.Games.Battleships.Client.csproj", "{AADFEFB7-C605-43AA-B474-D3BB5F73760F}"
EndProject
Project("{FAE04EC0-301F-11D3-BF4B-00C04F79EFBC}") = "Guestline.Games.Battleships.Server.UnitTests", "Guestline.Games.Battleships.Server.UnitTests\Guestline.Games.Battleships.Server.UnitTests.csproj", "{FC7D7F19-4602-41ED-9B31-25C4B6C0CF9B}"
EndProject
Project("{FAE04EC0-301F-11D3-BF4B-00C04F79EFBC}") = "Guestline.Games.Battleships.Server.IntegrationTests", "Guestline.Games.Battleships.Server.IntegrationTests\Guestline.Games.Battleships.Server.IntegrationTests.csproj", "{F7315D62-5A33-4BC2-BFC1-B42A80E62B64}"
EndProject
Project("{2150E333-8FDC-42A3-9474-1A3956D46DE8}") = "Solution Items", "Solution Items", "{3CF6EAB8-72DB-4E97-84FD-E8231DB8A342}"
	ProjectSection(SolutionItems) = preProject
		.editorconfig = .editorconfig
	EndProjectSection
EndProject
Global
	GlobalSection(SolutionConfigurationPlatforms) = preSolution
		Debug|Any CPU = Debug|Any CPU
		Release|Any CPU = Release|Any CPU
	EndGlobalSection
	GlobalSection(ProjectConfigurationPlatforms) = postSolution
		{93523EBA-26F0-43E4-80B9-F25817FE16F2}.Debug|Any CPU.ActiveCfg = Debug|Any CPU
		{93523EBA-26F0-43E4-80B9-F25817FE16F2}.Debug|Any CPU.Build.0 = Debug|Any CPU
		{93523EBA-26F0-43E4-80B9-F25817FE16F2}.Release|Any CPU.ActiveCfg = Release|Any CPU
		{93523EBA-26F0-43E4-80B9-F25817FE16F2}.Release|Any CPU.Build.0 = Release|Any CPU
		{AADFEFB7-C605-43AA-B474-D3BB5F73760F}.Debug|Any CPU.ActiveCfg = Debug|Any CPU
		{AADFEFB7-C605-43AA-B474-D3BB5F73760F}.Debug|Any CPU.Build.0 = Debug|Any CPU
		{AADFEFB7-C605-43AA-B474-D3BB5F73760F}.Release|Any CPU.ActiveCfg = Release|Any CPU
		{AADFEFB7-C605-43AA-B474-D3BB5F73760F}.Release|Any CPU.Build.0 = Release|Any CPU
		{FC7D7F19-4602-41ED-9B31-25C4B6C0CF9B}.Debug|Any CPU.ActiveCfg = Debug|Any CPU
		{FC7D7F19-4602-41ED-9B31-25C4B6C0CF9B}.Debug|Any CPU.Build.0 = Debug|Any CPU
		{FC7D7F19-4602-41ED-9B31-25C4B6C0CF9B}.Release|Any CPU.ActiveCfg = Release|Any CPU
		{FC7D7F19-4602-41ED-9B31-25C4B6C0CF9B}.Release|Any CPU.Build.0 = Release|Any CPU
		{F7315D62-5A33-4BC2-BFC1-B42A80E62B64}.Debug|Any CPU.ActiveCfg = Debug|Any CPU
		{F7315D62-5A33-4BC2-BFC1-B42A80E62B64}.Debug|Any CPU.Build.0 = Debug|Any CPU
		{F7315D62-5A33-4BC2-BFC1-B42A80E62B64}.Release|Any CPU.ActiveCfg = Release|Any CPU
		{F7315D62-5A33-4BC2-BFC1-B42A80E62B64}.Release|Any CPU.Build.0 = Release|Any CPU
	EndGlobalSection
	GlobalSection(SolutionProperties) = preSolution
		HideSolutionNode = FALSE
	EndGlobalSection
	GlobalSection(ExtensibilityGlobals) = postSolution
		SolutionGuid = {79C61C12-3D32-49E6-9CF9-FEE8DBB42F77}
	EndGlobalSection
EndGlobal
